
Microsoft Visual Studio Solution File, Format Version 12.00
# Visual Studio Version 17
VisualStudioVersion = 17.1.32421.90
MinimumVisualStudioVersion = 10.0.40219.1
Project("{FAE04EC0-301F-11D3-BF4B-00C04F79EFBC}") = "MercadoPagoAPI", "MercadoPagoAPI\MercadoPagoAPI.csproj", "{4729317C-B848-4314-B15C-13DE4D911AF2}"
EndProject
Global
	GlobalSection(SolutionConfigurationPlatforms) = preSolution
		Debug|Any CPU = Debug|Any CPU
		Release|Any CPU = Release|Any CPU
	EndGlobalSection
	GlobalSection(ProjectConfigurationPlatforms) = postSolution
		{4729317C-B848-4314-B15C-13DE4D911AF2}.Debug|Any CPU.ActiveCfg = Debug|Any CPU
		{4729317C-B848-4314-B15C-13DE4D911AF2}.Debug|Any CPU.Build.0 = Debug|Any CPU
		{4729317C-B848-4314-B15C-13DE4D911AF2}.Release|Any CPU.ActiveCfg = Release|Any CPU
		{4729317C-B848-4314-B15C-13DE4D911AF2}.Release|Any CPU.Build.0 = Release|Any CPU
	EndGlobalSection
	GlobalSection(SolutionProperties) = preSolution
		HideSolutionNode = FALSE
	EndGlobalSection
	GlobalSection(ExtensibilityGlobals) = postSolution
		SolutionGuid = {AAD2BC2F-88C7-448F-80C1-0C376A0CE9EA}
	EndGlobalSection
EndGlobal
